
Microsoft Visual Studio Solution File, Format Version 12.00
# Visual Studio Version 16
VisualStudioVersion = 16.0.29418.71
MinimumVisualStudioVersion = 10.0.40219.1
Project("{FAE04EC0-301F-11D3-BF4B-00C04F79EFBC}") = "TrashCollector", "TrashCollector\TrashCollector.csproj", "{145880D4-1B8C-4AF8-AA6A-8B39F2E240C5}"
EndProject
Global
	GlobalSection(SolutionConfigurationPlatforms) = preSolution
		Debug|Any CPU = Debug|Any CPU
		Release|Any CPU = Release|Any CPU
	EndGlobalSection
	GlobalSection(ProjectConfigurationPlatforms) = postSolution
		{145880D4-1B8C-4AF8-AA6A-8B39F2E240C5}.Debug|Any CPU.ActiveCfg = Debug|Any CPU
		{145880D4-1B8C-4AF8-AA6A-8B39F2E240C5}.Debug|Any CPU.Build.0 = Debug|Any CPU
		{145880D4-1B8C-4AF8-AA6A-8B39F2E240C5}.Release|Any CPU.ActiveCfg = Release|Any CPU
		{145880D4-1B8C-4AF8-AA6A-8B39F2E240C5}.Release|Any CPU.Build.0 = Release|Any CPU
	EndGlobalSection
	GlobalSection(SolutionProperties) = preSolution
		HideSolutionNode = FALSE
	EndGlobalSection
	GlobalSection(ExtensibilityGlobals) = postSolution
		SolutionGuid = {6EEE9490-45B2-4DB5-BF87-0B5312C3D78F}
	EndGlobalSection
EndGlobal
